
Microsoft Visual Studio Solution File, Format Version 12.00
# Visual Studio Version 16
VisualStudioVersion = 16.0.30204.135
MinimumVisualStudioVersion = 10.0.40219.1
Project("{FAE04EC0-301F-11D3-BF4B-00C04F79EFBC}") = "BlazorApp1", "BlazorApp1\BlazorApp1.csproj", "{03B1329D-E1AB-47EB-9CA9-7961A9A5D8B8}"
EndProject
Global
	GlobalSection(SolutionConfigurationPlatforms) = preSolution
		Debug|Any CPU = Debug|Any CPU
		Release|Any CPU = Release|Any CPU
	EndGlobalSection
	GlobalSection(ProjectConfigurationPlatforms) = postSolution
		{03B1329D-E1AB-47EB-9CA9-7961A9A5D8B8}.Debug|Any CPU.ActiveCfg = Debug|Any CPU
		{03B1329D-E1AB-47EB-9CA9-7961A9A5D8B8}.Debug|Any CPU.Build.0 = Debug|Any CPU
		{03B1329D-E1AB-47EB-9CA9-7961A9A5D8B8}.Release|Any CPU.ActiveCfg = Release|Any CPU
		{03B1329D-E1AB-47EB-9CA9-7961A9A5D8B8}.Release|Any CPU.Build.0 = Release|Any CPU
	EndGlobalSection
	GlobalSection(SolutionProperties) = preSolution
		HideSolutionNode = FALSE
	EndGlobalSection
	GlobalSection(ExtensibilityGlobals) = postSolution
		SolutionGuid = {3DC3FE12-A16D-4D50-8F80-8AC0ABFD049A}
	EndGlobalSection
EndGlobal
